// !$*UTF8*$!
{
	archiveVersion = 1;
	classes = {
	};
	objectVersion = 46;
	objects = {

/* Begin PBXBuildFile section */
		0AC7CB531C83AE9D009E2B63 /* AppDelegate.swift in Sources */ = {isa = PBXBuildFile; fileRef = 0AC7CB521C83AE9D009E2B63 /* AppDelegate.swift */; };
		0AC7CB551C83AE9D009E2B63 /* MasterViewController.swift in Sources */ = {isa = PBXBuildFile; fileRef = 0AC7CB541C83AE9D009E2B63 /* MasterViewController.swift */; };
		0AC7CB571C83AE9D009E2B63 /* DetailViewController.swift in Sources */ = {isa = PBXBuildFile; fileRef = 0AC7CB561C83AE9D009E2B63 /* DetailViewController.swift */; };
		0AC7CB5A1C83AE9D009E2B63 /* Main.storyboard in Resources */ = {isa = PBXBuildFile; fileRef = 0AC7CB581C83AE9D009E2B63 /* Main.storyboard */; };
		0AC7CB5C1C83AE9D009E2B63 /* Assets.xcassets in Resources */ = {isa = PBXBuildFile; fileRef = 0AC7CB5B1C83AE9D009E2B63 /* Assets.xcassets */; };
		0AC7CB5F1C83AE9D009E2B63 /* LaunchScreen.storyboard in Resources */ = {isa = PBXBuildFile; fileRef = 0AC7CB5D1C83AE9D009E2B63 /* LaunchScreen.storyboard */; };
		0AC7CB6A1C83AE9D009E2B63 /* Plain_NotesTests.swift in Sources */ = {isa = PBXBuildFile; fileRef = 0AC7CB691C83AE9D009E2B63 /* Plain_NotesTests.swift */; };
		0AC7CB751C83AE9D009E2B63 /* Plain_NotesUITests.swift in Sources */ = {isa = PBXBuildFile; fileRef = 0AC7CB741C83AE9D009E2B63 /* Plain_NotesUITests.swift */; };
/* End PBXBuildFile section */

/* Begin PBXContainerItemProxy section */
		0AC7CB661C83AE9D009E2B63 /* PBXContainerItemProxy */ = {
			isa = PBXContainerItemProxy;
			containerPortal = 0AC7CB471C83AE9D009E2B63 /* Project object */;
			proxyType = 1;
			remoteGlobalIDString = 0AC7CB4E1C83AE9D009E2B63;
			remoteInfo = "Plain Notes";
		};
		0AC7CB711C83AE9D009E2B63 /* PBXContainerItemProxy */ = {
			isa = PBXContainerItemProxy;
			containerPortal = 0AC7CB471C83AE9D009E2B63 /* Project object */;
			proxyType = 1;
			remoteGlobalIDString = 0AC7CB4E1C83AE9D009E2B63;
			remoteInfo = "Plain Notes";
		};
/* End PBXContainerItemProxy section */

/* Begin PBXFileReference section */
		0AC7CB4F1C83AE9D009E2B63 /* Plain Notes.app */ = {isa = PBXFileReference; explicitFileType = wrapper.application; includeInIndex = 0; path = "Plain Notes.app"; sourceTree = BUILT_PRODUCTS_DIR; };
		0AC7CB521C83AE9D009E2B63 /* AppDelegate.swift */ = {isa = PBXFileReference; lastKnownFileType = sourcecode.swift; path = AppDelegate.swift; sourceTree = "<group>"; };
		0AC7CB541C83AE9D009E2B63 /* MasterViewController.swift */ = {isa = PBXFileReference; lastKnownFileType = sourcecode.swift; path = MasterViewController.swift; sourceTree = "<group>"; };
		0AC7CB561C83AE9D009E2B63 /* DetailViewController.swift */ = {isa = PBXFileReference; lastKnownFileType = sourcecode.swift; path = DetailViewController.swift; sourceTree = "<group>"; };
		0AC7CB591C83AE9D009E2B63 /* Base */ = {isa = PBXFileReference; lastKnownFileType = file.storyboard; name = Base; path = Base.lproj/Main.storyboard; sourceTree = "<group>"; };
		0AC7CB5B1C83AE9D009E2B63 /* Assets.xcassets */ = {isa = PBXFileReference; lastKnownFileType = folder.assetcatalog; path = Assets.xcassets; sourceTree = "<group>"; };
		0AC7CB5E1C83AE9D009E2B63 /* Base */ = {isa = PBXFileReference; lastKnownFileType = file.storyboard; name = Base; path = Base.lproj/LaunchScreen.storyboard; sourceTree = "<group>"; };
		0AC7CB601C83AE9D009E2B63 /* Info.plist */ = {isa = PBXFileReference; lastKnownFileType = text.plist.xml; path = Info.plist; sourceTree = "<group>"; };
		0AC7CB651C83AE9D009E2B63 /* Plain NotesTests.xctest */ = {isa = PBXFileReference; explicitFileType = wrapper.cfbundle; includeInIndex = 0; path = "Plain NotesTests.xctest"; sourceTree = BUILT_PRODUCTS_DIR; };
		0AC7CB691C83AE9D009E2B63 /* Plain_NotesTests.swift */ = {isa = PBXFileReference; lastKnownFileType = sourcecode.swift; path = Plain_NotesTests.swift; sourceTree = "<group>"; };
		0AC7CB6B1C83AE9D009E2B63 /* Info.plist */ = {isa = PBXFileReference; lastKnownFileType = text.plist.xml; path = Info.plist; sourceTree = "<group>"; };
		0AC7CB701C83AE9D009E2B63 /* Plain NotesUITests.xctest */ = {isa = PBXFileReference; explicitFileType = wrapper.cfbundle; includeInIndex = 0; path = "Plain NotesUITests.xctest"; sourceTree = BUILT_PRODUCTS_DIR; };
		0AC7CB741C83AE9D009E2B63 /* Plain_NotesUITests.swift */ = {isa = PBXFileReference; lastKnownFileType = sourcecode.swift; path = Plain_NotesUITests.swift; sourceTree = "<group>"; };
		0AC7CB761C83AE9D009E2B63 /* Info.plist */ = {isa = PBXFileReference; lastKnownFileType = text.plist.xml; path = Info.plist; sourceTree = "<group>"; };
/* End PBXFileReference section */

/* Begin PBXFrameworksBuildPhase section */
		0AC7CB4C1C83AE9D009E2B63 /* Frameworks */ = {
			isa = PBXFrameworksBuildPhase;
			buildActionMask = 2147483647;
			files = (
			);
			runOnlyForDeploymentPostprocessing = 0;
		};
		0AC7CB621C83AE9D009E2B63 /* Frameworks */ = {
			isa = PBXFrameworksBuildPhase;
			buildActionMask = 2147483647;
			files = (
			);
			runOnlyForDeploymentPostprocessing = 0;
		};
		0AC7CB6D1C83AE9D009E2B63 /* Frameworks */ = {
			isa = PBXFrameworksBuildPhase;
			buildActionMask = 2147483647;
			files = (
			);
			runOnlyForDeploymentPostprocessing = 0;
		};
/* End PBXFrameworksBuildPhase section */

/* Begin PBXGroup section */
		0AC7CB461C83AE9D009E2B63 = {
			isa = PBXGroup;
			children = (
				0AC7CB511C83AE9D009E2B63 /* Plain Notes */,
				0AC7CB681C83AE9D009E2B63 /* Plain NotesTests */,
				0AC7CB731C83AE9D009E2B63 /* Plain NotesUITests */,
				0AC7CB501C83AE9D009E2B63 /* Products */,
			);
			sourceTree = "<group>";
		};
		0AC7CB501C83AE9D009E2B63 /* Products */ = {
			isa = PBXGroup;
			children = (
				0AC7CB4F1C83AE9D009E2B63 /* Plain Notes.app */,
				0AC7CB651C83AE9D009E2B63 /* Plain NotesTests.xctest */,
				0AC7CB701C83AE9D009E2B63 /* Plain NotesUITests.xctest */,
			);
			name = Products;
			sourceTree = "<group>";
		};
		0AC7CB511C83AE9D009E2B63 /* Plain Notes */ = {
			isa = PBXGroup;
			children = (
				0AC7CB521C83AE9D009E2B63 /* AppDelegate.swift */,
				0AC7CB541C83AE9D009E2B63 /* MasterViewController.swift */,
				0AC7CB561C83AE9D009E2B63 /* DetailViewController.swift */,
				0AC7CB581C83AE9D009E2B63 /* Main.storyboard */,
				0AC7CB5B1C83AE9D009E2B63 /* Assets.xcassets */,
				0AC7CB5D1C83AE9D009E2B63 /* LaunchScreen.storyboard */,
				0AC7CB601C83AE9D009E2B63 /* Info.plist */,
			);
			path = "Plain Notes";
			sourceTree = "<group>";
		};
		0AC7CB681C83AE9D009E2B63 /* Plain NotesTests */ = {
			isa = PBXGroup;
			children = (
				0AC7CB691C83AE9D009E2B63 /* Plain_NotesTests.swift */,
				0AC7CB6B1C83AE9D009E2B63 /* Info.plist */,
			);
			path = "Plain NotesTests";
			sourceTree = "<group>";
		};
		0AC7CB731C83AE9D009E2B63 /* Plain NotesUITests */ = {
			isa = PBXGroup;
			children = (
				0AC7CB741C83AE9D009E2B63 /* Plain_NotesUITests.swift */,
				0AC7CB761C83AE9D009E2B63 /* Info.plist */,
			);
			path = "Plain NotesUITests";
			sourceTree = "<group>";
		};
/* End PBXGroup section */

/* Begin PBXNativeTarget section */
		0AC7CB4E1C83AE9D009E2B63 /* Plain Notes */ = {
			isa = PBXNativeTarget;
			buildConfigurationList = 0AC7CB791C83AE9D009E2B63 /* Build configuration list for PBXNativeTarget "Plain Notes" */;
			buildPhases = (
				0AC7CB4B1C83AE9D009E2B63 /* Sources */,
				0AC7CB4C1C83AE9D009E2B63 /* Frameworks */,
				0AC7CB4D1C83AE9D009E2B63 /* Resources */,
			);
			buildRules = (
			);
			dependencies = (
			);
			name = "Plain Notes";
			productName = "Plain Notes";
			productReference = 0AC7CB4F1C83AE9D009E2B63 /* Plain Notes.app */;
			productType = "com.apple.product-type.application";
		};
		0AC7CB641C83AE9D009E2B63 /* Plain NotesTests */ = {
			isa = PBXNativeTarget;
			buildConfigurationList = 0AC7CB7C1C83AE9D009E2B63 /* Build configuration list for PBXNativeTarget "Plain NotesTests" */;
			buildPhases = (
				0AC7CB611C83AE9D009E2B63 /* Sources */,
				0AC7CB621C83AE9D009E2B63 /* Frameworks */,
				0AC7CB631C83AE9D009E2B63 /* Resources */,
			);
			buildRules = (
			);
			dependencies = (
				0AC7CB671C83AE9D009E2B63 /* PBXTargetDependency */,
			);
			name = "Plain NotesTests";
			productName = "Plain NotesTests";
			productReference = 0AC7CB651C83AE9D009E2B63 /* Plain NotesTests.xctest */;
			productType = "com.apple.product-type.bundle.unit-test";
		};
		0AC7CB6F1C83AE9D009E2B63 /* Plain NotesUITests */ = {
			isa = PBXNativeTarget;
			buildConfigurationList = 0AC7CB7F1C83AE9D009E2B63 /* Build configuration list for PBXNativeTarget "Plain NotesUITests" */;
			buildPhases = (
				0AC7CB6C1C83AE9D009E2B63 /* Sources */,
				0AC7CB6D1C83AE9D009E2B63 /* Frameworks */,
				0AC7CB6E1C83AE9D009E2B63 /* Resources */,
			);
			buildRules = (
			);
			dependencies = (
				0AC7CB721C83AE9D009E2B63 /* PBXTargetDependency */,
			);
			name = "Plain NotesUITests";
			productName = "Plain NotesUITests";
			productReference = 0AC7CB701C83AE9D009E2B63 /* Plain NotesUITests.xctest */;
			productType = "com.apple.product-type.bundle.ui-testing";
		};
/* End PBXNativeTarget section */

/* Begin PBXProject section */
		0AC7CB471C83AE9D009E2B63 /* Project object */ = {
			isa = PBXProject;
			attributes = {
				LastSwiftUpdateCheck = 0720;
				LastUpgradeCheck = 0720;
				ORGANIZATIONNAME = "Alexis Caudle";
				TargetAttributes = {
					0AC7CB4E1C83AE9D009E2B63 = {
						CreatedOnToolsVersion = 7.2.1;
						DevelopmentTeam = D6JXMWHJDV;
					};
					0AC7CB641C83AE9D009E2B63 = {
						CreatedOnToolsVersion = 7.2.1;
						DevelopmentTeam = D6JXMWHJDV;
						TestTargetID = 0AC7CB4E1C83AE9D009E2B63;
					};
					0AC7CB6F1C83AE9D009E2B63 = {
						CreatedOnToolsVersion = 7.2.1;
						DevelopmentTeam = D6JXMWHJDV;
						TestTargetID = 0AC7CB4E1C83AE9D009E2B63;
					};
				};
			};
			buildConfigurationList = 0AC7CB4A1C83AE9D009E2B63 /* Build configuration list for PBXProject "Plain Notes" */;
			compatibilityVersion = "Xcode 3.2";
			developmentRegion = English;
			hasScannedForEncodings = 0;
			knownRegions = (
				en,
				Base,
			);
			mainGroup = 0AC7CB461C83AE9D009E2B63;
			productRefGroup = 0AC7CB501C83AE9D009E2B63 /* Products */;
			projectDirPath = "";
			projectRoot = "";
			targets = (
				0AC7CB4E1C83AE9D009E2B63 /* Plain Notes */,
				0AC7CB641C83AE9D009E2B63 /* Plain NotesTests */,
				0AC7CB6F1C83AE9D009E2B63 /* Plain NotesUITests */,
			);
		};
/* End PBXProject section */

/* Begin PBXResourcesBuildPhase section */
		0AC7CB4D1C83AE9D009E2B63 /* Resources */ = {
			isa = PBXResourcesBuildPhase;
			buildActionMask = 2147483647;
			files = (
				0AC7CB5F1C83AE9D009E2B63 /* LaunchScreen.storyboard in Resources */,
				0AC7CB5C1C83AE9D009E2B63 /* Assets.xcassets in Resources */,
				0AC7CB5A1C83AE9D009E2B63 /* Main.storyboard in Resources */,
			);
			runOnlyForDeploymentPostprocessing = 0;
		};
		0AC7CB631C83AE9D009E2B63 /* Resources */ = {
			isa = PBXResourcesBuildPhase;
			buildActionMask = 2147483647;
			files = (
			);
			runOnlyForDeploymentPostprocessing = 0;
		};
		0AC7CB6E1C83AE9D009E2B63 /* Resources */ = {
			isa = PBXResourcesBuildPhase;
			buildActionMask = 2147483647;
			files = (
			);
			runOnlyForDeploymentPostprocessing = 0;
		};
/* End PBXResourcesBuildPhase section */

/* Begin PBXSourcesBuildPhase section */
		0AC7CB4B1C83AE9D009E2B63 /* Sources */ = {
			isa = PBXSourcesBuildPhase;
			buildActionMask = 2147483647;
			files = (
				0AC7CB571C83AE9D009E2B63 /* DetailViewController.swift in Sources */,
				0AC7CB551C83AE9D009E2B63 /* MasterViewController.swift in Sources */,
				0AC7CB531C83AE9D009E2B63 /* AppDelegate.swift in Sources */,
			);
			runOnlyForDeploymentPostprocessing = 0;
		};
		0AC7CB611C83AE9D009E2B63 /* Sources */ = {
			isa = PBXSourcesBuildPhase;
			buildActionMask = 2147483647;
			files = (
				0AC7CB6A1C83AE9D009E2B63 /* Plain_NotesTests.swift in Sources */,
			);
			runOnlyForDeploymentPostprocessing = 0;
		};
		0AC7CB6C1C83AE9D009E2B63 /* Sources */ = {
			isa = PBXSourcesBuildPhase;
			buildActionMask = 2147483647;
			files = (
				0AC7CB751C83AE9D009E2B63 /* Plain_NotesUITests.swift in Sources */,
			);
			runOnlyForDeploymentPostprocessing = 0;
		};
/* End PBXSourcesBuildPhase section */

/* Begin PBXTargetDependency section */
		0AC7CB671C83AE9D009E2B63 /* PBXTargetDependency */ = {
			isa = PBXTargetDependency;
			target = 0AC7CB4E1C83AE9D009E2B63 /* Plain Notes */;
			targetProxy = 0AC7CB661C83AE9D009E2B63 /* PBXContainerItemProxy */;
		};
		0AC7CB721C83AE9D009E2B63 /* PBXTargetDependency */ = {
			isa = PBXTargetDependency;
			target = 0AC7CB4E1C83AE9D009E2B63 /* Plain Notes */;
			targetProxy = 0AC7CB711C83AE9D009E2B63 /* PBXContainerItemProxy */;
		};
/* End PBXTargetDependency section */

/* Begin PBXVariantGroup section */
		0AC7CB581C83AE9D009E2B63 /* Main.storyboard */ = {
			isa = PBXVariantGroup;
			children = (
				0AC7CB591C83AE9D009E2B63 /* Base */,
			);
			name = Main.storyboard;
			sourceTree = "<group>";
		};
		0AC7CB5D1C83AE9D009E2B63 /* LaunchScreen.storyboard */ = {
			isa = PBXVariantGroup;
			children = (
				0AC7CB5E1C83AE9D009E2B63 /* Base */,
			);
			name = LaunchScreen.storyboard;
			sourceTree = "<group>";
		};
/* End PBXVariantGroup section */

/* Begin XCBuildConfiguration section */
		0AC7CB771C83AE9D009E2B63 /* Debug */ = {
			isa = XCBuildConfiguration;
			buildSettings = {
				ALWAYS_SEARCH_USER_PATHS = NO;
				CLANG_CXX_LANGUAGE_STANDARD = "gnu++0x";
				CLANG_CXX_LIBRARY = "libc++";
				CLANG_ENABLE_MODULES = YES;
				CLANG_ENABLE_OBJC_ARC = YES;
				CLANG_WARN_BOOL_CONVERSION = YES;
				CLANG_WARN_CONSTANT_CONVERSION = YES;
				CLANG_WARN_DIRECT_OBJC_ISA_USAGE = YES_ERROR;
				CLANG_WARN_EMPTY_BODY = YES;
				CLANG_WARN_ENUM_CONVERSION = YES;
				CLANG_WARN_INT_CONVERSION = YES;
				CLANG_WARN_OBJC_ROOT_CLASS = YES_ERROR;
				CLANG_WARN_UNREACHABLE_CODE = YES;
				CLANG_WARN__DUPLICATE_METHOD_MATCH = YES;
				"CODE_SIGN_IDENTITY[sdk=iphoneos*]" = "iPhone Developer";
				COPY_PHASE_STRIP = NO;
				DEBUG_INFORMATION_FORMAT = dwarf;
				ENABLE_STRICT_OBJC_MSGSEND = YES;
				ENABLE_TESTABILITY = YES;
				GCC_C_LANGUAGE_STANDARD = gnu99;
				GCC_DYNAMIC_NO_PIC = NO;
				GCC_NO_COMMON_BLOCKS = YES;
				GCC_OPTIMIZATION_LEVEL = 0;
				GCC_PREPROCESSOR_DEFINITIONS = (
					"DEBUG=1",
					"$(inherited)",
				);
				GCC_WARN_64_TO_32_BIT_CONVERSION = YES;
				GCC_WARN_ABOUT_RETURN_TYPE = YES_ERROR;
				GCC_WARN_UNDECLARED_SELECTOR = YES;
				GCC_WARN_UNINITIALIZED_AUTOS = YES_AGGRESSIVE;
				GCC_WARN_UNUSED_FUNCTION = YES;
				GCC_WARN_UNUSED_VARIABLE = YES;
				IPHONEOS_DEPLOYMENT_TARGET = 9.2;
				MTL_ENABLE_DEBUG_INFO = YES;
				ONLY_ACTIVE_ARCH = YES;
				SDKROOT = iphoneos;
				SWIFT_OPTIMIZATION_LEVEL = "-Onone";
			};
			name = Debug;
		};
		0AC7CB781C83AE9D009E2B63 /* Release */ = {
			isa = XCBuildConfiguration;
			buildSettings = {
				ALWAYS_SEARCH_USER_PATHS = NO;
				CLANG_CXX_LANGUAGE_STANDARD = "gnu++0x";
				CLANG_CXX_LIBRARY = "libc++";
				CLANG_ENABLE_MODULES = YES;
				CLANG_ENABLE_OBJC_ARC = YES;
				CLANG_WARN_BOOL_CONVERSION = YES;
				CLANG_WARN_CONSTANT_CONVERSION = YES;
				CLANG_WARN_DIRECT_OBJC_ISA_USAGE = YES_ERROR;
				CLANG_WARN_EMPTY_BODY = YES;
				CLANG_WARN_ENUM_CONVERSION = YES;
				CLANG_WARN_INT_CONVERSION = YES;
				CLANG_WARN_OBJC_ROOT_CLASS = YES_ERROR;
				CLANG_WARN_UNREACHABLE_CODE = YES;
				CLANG_WARN__DUPLICATE_METHOD_MATCH = YES;
				"CODE_SIGN_IDENTITY[sdk=iphoneos*]" = "iPhone Developer";
				COPY_PHASE_STRIP = NO;
				DEBUG_INFORMATION_FORMAT = "dwarf-with-dsym";
				ENABLE_NS_ASSERTIONS = NO;
				ENABLE_STRICT_OBJC_MSGSEND = YES;
				GCC_C_LANGUAGE_STANDARD = gnu99;
				GCC_NO_COMMON_BLOCKS = YES;
				GCC_WARN_64_TO_32_BIT_CONVERSION = YES;
				GCC_WARN_ABOUT_RETURN_TYPE = YES_ERROR;
				GCC_WARN_UNDECLARED_SELECTOR = YES;
				GCC_WARN_UNINITIALIZED_AUTOS = YES_AGGRESSIVE;
				GCC_WARN_UNUSED_FUNCTION = YES;
				GCC_WARN_UNUSED_VARIABLE = YES;
				IPHONEOS_DEPLOYMENT_TARGET = 9.2;
				MTL_ENABLE_DEBUG_INFO = NO;
				SDKROOT = iphoneos;
				VALIDATE_PRODUCT = YES;
			};
			name = Release;
		};
		0AC7CB7A1C83AE9D009E2B63 /* Debug */ = {
			isa = XCBuildConfiguration;
			buildSettings = {
				ASSETCATALOG_COMPILER_APPICON_NAME = AppIcon;
				INFOPLIST_FILE = "Plain Notes/Info.plist";
				LD_RUNPATH_SEARCH_PATHS = "$(inherited) @executable_path/Frameworks";
				PRODUCT_BUNDLE_IDENTIFIER = "lettuce.Plain-Notes";
				PRODUCT_NAME = "$(TARGET_NAME)";
			};
			name = Debug;
		};
		0AC7CB7B1C83AE9D009E2B63 /* Release */ = {
			isa = XCBuildConfiguration;
			buildSettings = {
				ASSETCATALOG_COMPILER_APPICON_NAME = AppIcon;
				INFOPLIST_FILE = "Plain Notes/Info.plist";
				LD_RUNPATH_SEARCH_PATHS = "$(inherited) @executable_path/Frameworks";
				PRODUCT_BUNDLE_IDENTIFIER = "lettuce.Plain-Notes";
				PRODUCT_NAME = "$(TARGET_NAME)";
			};
			name = Release;
		};
		0AC7CB7D1C83AE9D009E2B63 /* Debug */ = {
			isa = XCBuildConfiguration;
			buildSettings = {
				BUNDLE_LOADER = "$(TEST_HOST)";
				INFOPLIST_FILE = "Plain NotesTests/Info.plist";
				LD_RUNPATH_SEARCH_PATHS = "$(inherited) @executable_path/Frameworks @loader_path/Frameworks";
				PRODUCT_BUNDLE_IDENTIFIER = "lettuce.Plain-NotesTests";
				PRODUCT_NAME = "$(TARGET_NAME)";
				TEST_HOST = "$(BUILT_PRODUCTS_DIR)/Plain Notes.app/Plain Notes";
			};
			name = Debug;
		};
		0AC7CB7E1C83AE9D009E2B63 /* Release */ = {
			isa = XCBuildConfiguration;
			buildSettings = {
				BUNDLE_LOADER = "$(TEST_HOST)";
				INFOPLIST_FILE = "Plain NotesTests/Info.plist";
				LD_RUNPATH_SEARCH_PATHS = "$(inherited) @executable_path/Frameworks @loader_path/Frameworks";
				PRODUCT_BUNDLE_IDENTIFIER = "lettuce.Plain-NotesTests";
				PRODUCT_NAME = "$(TARGET_NAME)";
				TEST_HOST = "$(BUILT_PRODUCTS_DIR)/Plain Notes.app/Plain Notes";
			};
			name = Release;
		};
		0AC7CB801C83AE9D009E2B63 /* Debug */ = {
			isa = XCBuildConfiguration;
			buildSettings = {
				INFOPLIST_FILE = "Plain NotesUITests/Info.plist";
				LD_RUNPATH_SEARCH_PATHS = "$(inherited) @executable_path/Frameworks @loader_path/Frameworks";
				PRODUCT_BUNDLE_IDENTIFIER = "lettuce.Plain-NotesUITests";
				PRODUCT_NAME = "$(TARGET_NAME)";
				TEST_TARGET_NAME = "Plain Notes";
				USES_XCTRUNNER = YES;
			};
			name = Debug;
		};
		0AC7CB811C83AE9D009E2B63 /* Release */ = {
			isa = XCBuildConfiguration;
			buildSettings = {
				INFOPLIST_FILE = "Plain NotesUITests/Info.plist";
				LD_RUNPATH_SEARCH_PATHS = "$(inherited) @executable_path/Frameworks @loader_path/Frameworks";
				PRODUCT_BUNDLE_IDENTIFIER = "lettuce.Plain-NotesUITests";
				PRODUCT_NAME = "$(TARGET_NAME)";
				TEST_TARGET_NAME = "Plain Notes";
				USES_XCTRUNNER = YES;
			};
			name = Release;
		};
/* End XCBuildConfiguration section */

/* Begin XCConfigurationList section */
		0AC7CB4A1C83AE9D009E2B63 /* Build configuration list for PBXProject "Plain Notes" */ = {
			isa = XCConfigurationList;
			buildConfigurations = (
				0AC7CB771C83AE9D009E2B63 /* Debug */,
				0AC7CB781C83AE9D009E2B63 /* Release */,
			);
			defaultConfigurationIsVisible = 0;
			defaultConfigurationName = Release;
		};
		0AC7CB791C83AE9D009E2B63 /* Build configuration list for PBXNativeTarget "Plain Notes" */ = {
			isa = XCConfigurationList;
			buildConfigurations = (
				0AC7CB7A1C83AE9D009E2B63 /* Debug */,
				0AC7CB7B1C83AE9D009E2B63 /* Release */,
			);
			defaultConfigurationIsVisible = 0;
		};
		0AC7CB7C1C83AE9D009E2B63 /* Build configuration list for PBXNativeTarget "Plain NotesTests" */ = {
			isa = XCConfigurationList;
			buildConfigurations = (
				0AC7CB7D1C83AE9D009E2B63 /* Debug */,
				0AC7CB7E1C83AE9D009E2B63 /* Release */,
			);
			defaultConfigurationIsVisible = 0;
		};
		0AC7CB7F1C83AE9D009E2B63 /* Build configuration list for PBXNativeTarget "Plain NotesUITests" */ = {
			isa = XCConfigurationList;
			buildConfigurations = (
				0AC7CB801C83AE9D009E2B63 /* Debug */,
				0AC7CB811C83AE9D009E2B63 /* Release */,
			);
			defaultConfigurationIsVisible = 0;
		};
/* End XCConfigurationList section */
	};
	rootObject = 0AC7CB471C83AE9D009E2B63 /* Project object */;
}
